
Microsoft Visual Studio Solution File, Format Version 12.00
# Visual Studio Version 16
VisualStudioVersion = 16.0.30204.135
MinimumVisualStudioVersion = 10.0.40219.1
Project("{FAE04EC0-301F-11D3-BF4B-00C04F79EFBC}") = "DAD HelloCrud", "DAD HelloCrud\DAD HelloCrud.csproj", "{D776D919-A071-4AAF-BE1C-0CF137C76420}"
EndProject
Global
	GlobalSection(SolutionConfigurationPlatforms) = preSolution
		Debug|Any CPU = Debug|Any CPU
		Release|Any CPU = Release|Any CPU
	EndGlobalSection
	GlobalSection(ProjectConfigurationPlatforms) = postSolution
		{D776D919-A071-4AAF-BE1C-0CF137C76420}.Debug|Any CPU.ActiveCfg = Debug|Any CPU
		{D776D919-A071-4AAF-BE1C-0CF137C76420}.Debug|Any CPU.Build.0 = Debug|Any CPU
		{D776D919-A071-4AAF-BE1C-0CF137C76420}.Release|Any CPU.ActiveCfg = Release|Any CPU
		{D776D919-A071-4AAF-BE1C-0CF137C76420}.Release|Any CPU.Build.0 = Release|Any CPU
	EndGlobalSection
	GlobalSection(SolutionProperties) = preSolution
		HideSolutionNode = FALSE
	EndGlobalSection
	GlobalSection(ExtensibilityGlobals) = postSolution
		SolutionGuid = {EF070145-484F-4DE3-99F2-2475BE7AE191}
	EndGlobalSection
EndGlobal
